// !$*UTF8*$!
{
	archiveVersion = 1;
	classes = {
	};
	objectVersion = 56;
	objects = {

/* Begin PBXBuildFile section */
		A0202D2E2A94CBE100195634 /* AppDelegate.swift in Sources */ = {isa = PBXBuildFile; fileRef = A0202D2D2A94CBE100195634 /* AppDelegate.swift */; };
		A0202D302A94CBE100195634 /* SceneDelegate.swift in Sources */ = {isa = PBXBuildFile; fileRef = A0202D2F2A94CBE100195634 /* SceneDelegate.swift */; };
		A0202D322A94CBE100195634 /* ViewController.swift in Sources */ = {isa = PBXBuildFile; fileRef = A0202D312A94CBE100195634 /* ViewController.swift */; };
		A0202D352A94CBE100195634 /* Main.storyboard in Resources */ = {isa = PBXBuildFile; fileRef = A0202D332A94CBE100195634 /* Main.storyboard */; };
		A0202D372A94CBE300195634 /* Assets.xcassets in Resources */ = {isa = PBXBuildFile; fileRef = A0202D362A94CBE300195634 /* Assets.xcassets */; };
		A0202D3A2A94CBE300195634 /* LaunchScreen.storyboard in Resources */ = {isa = PBXBuildFile; fileRef = A0202D382A94CBE300195634 /* LaunchScreen.storyboard */; };
		A0202D422A94CC1F00195634 /* Classes.swift in Sources */ = {isa = PBXBuildFile; fileRef = A0202D412A94CC1F00195634 /* Classes.swift */; };
		A091680E2AB2D67500B1052A /* KVO_KVCTests.swift in Sources */ = {isa = PBXBuildFile; fileRef = A091680D2AB2D67500B1052A /* KVO_KVCTests.swift */; };
/* End PBXBuildFile section */

/* Begin PBXContainerItemProxy section */
		A091680F2AB2D67500B1052A /* PBXContainerItemProxy */ = {
			isa = PBXContainerItemProxy;
			containerPortal = A0202D222A94CBE100195634 /* Project object */;
			proxyType = 1;
			remoteGlobalIDString = A0202D292A94CBE100195634;
			remoteInfo = "KVO-KVC";
		};
/* End PBXContainerItemProxy section */

/* Begin PBXFileReference section */
		A0202D2A2A94CBE100195634 /* KVO-KVC.app */ = {isa = PBXFileReference; explicitFileType = wrapper.application; includeInIndex = 0; path = "KVO-KVC.app"; sourceTree = BUILT_PRODUCTS_DIR; };
		A0202D2D2A94CBE100195634 /* AppDelegate.swift */ = {isa = PBXFileReference; lastKnownFileType = sourcecode.swift; path = AppDelegate.swift; sourceTree = "<group>"; };
		A0202D2F2A94CBE100195634 /* SceneDelegate.swift */ = {isa = PBXFileReference; lastKnownFileType = sourcecode.swift; path = SceneDelegate.swift; sourceTree = "<group>"; };
		A0202D312A94CBE100195634 /* ViewController.swift */ = {isa = PBXFileReference; lastKnownFileType = sourcecode.swift; path = ViewController.swift; sourceTree = "<group>"; };
		A0202D342A94CBE100195634 /* Base */ = {isa = PBXFileReference; lastKnownFileType = file.storyboard; name = Base; path = Base.lproj/Main.storyboard; sourceTree = "<group>"; };
		A0202D362A94CBE300195634 /* Assets.xcassets */ = {isa = PBXFileReference; lastKnownFileType = folder.assetcatalog; path = Assets.xcassets; sourceTree = "<group>"; };
		A0202D392A94CBE300195634 /* Base */ = {isa = PBXFileReference; lastKnownFileType = file.storyboard; name = Base; path = Base.lproj/LaunchScreen.storyboard; sourceTree = "<group>"; };
		A0202D3B2A94CBE300195634 /* Info.plist */ = {isa = PBXFileReference; lastKnownFileType = text.plist.xml; path = Info.plist; sourceTree = "<group>"; };
		A0202D412A94CC1F00195634 /* Classes.swift */ = {isa = PBXFileReference; lastKnownFileType = sourcecode.swift; path = Classes.swift; sourceTree = "<group>"; };
		A091680B2AB2D67500B1052A /* KVO-KVCTests.xctest */ = {isa = PBXFileReference; explicitFileType = wrapper.cfbundle; includeInIndex = 0; path = "KVO-KVCTests.xctest"; sourceTree = BUILT_PRODUCTS_DIR; };
		A091680D2AB2D67500B1052A /* KVO_KVCTests.swift */ = {isa = PBXFileReference; lastKnownFileType = sourcecode.swift; path = KVO_KVCTests.swift; sourceTree = "<group>"; };
/* End PBXFileReference section */

/* Begin PBXFrameworksBuildPhase section */
		A0202D272A94CBE100195634 /* Frameworks */ = {
			isa = PBXFrameworksBuildPhase;
			buildActionMask = 2147483647;
			files = (
			);
			runOnlyForDeploymentPostprocessing = 0;
		};
		A09168082AB2D67500B1052A /* Frameworks */ = {
			isa = PBXFrameworksBuildPhase;
			buildActionMask = 2147483647;
			files = (
			);
			runOnlyForDeploymentPostprocessing = 0;
		};
/* End PBXFrameworksBuildPhase section */

/* Begin PBXGroup section */
		A0202D212A94CBE100195634 = {
			isa = PBXGroup;
			children = (
				A0202D2C2A94CBE100195634 /* KVO-KVC */,
				A091680C2AB2D67500B1052A /* KVO-KVCTests */,
				A0202D2B2A94CBE100195634 /* Products */,
			);
			sourceTree = "<group>";
		};
		A0202D2B2A94CBE100195634 /* Products */ = {
			isa = PBXGroup;
			children = (
				A0202D2A2A94CBE100195634 /* KVO-KVC.app */,
				A091680B2AB2D67500B1052A /* KVO-KVCTests.xctest */,
			);
			name = Products;
			sourceTree = "<group>";
		};
		A0202D2C2A94CBE100195634 /* KVO-KVC */ = {
			isa = PBXGroup;
			children = (
				A0202D412A94CC1F00195634 /* Classes.swift */,
				A0202D2D2A94CBE100195634 /* AppDelegate.swift */,
				A0202D2F2A94CBE100195634 /* SceneDelegate.swift */,
				A0202D312A94CBE100195634 /* ViewController.swift */,
				A0202D332A94CBE100195634 /* Main.storyboard */,
				A0202D362A94CBE300195634 /* Assets.xcassets */,
				A0202D382A94CBE300195634 /* LaunchScreen.storyboard */,
				A0202D3B2A94CBE300195634 /* Info.plist */,
			);
			path = "KVO-KVC";
			sourceTree = "<group>";
		};
		A091680C2AB2D67500B1052A /* KVO-KVCTests */ = {
			isa = PBXGroup;
			children = (
				A091680D2AB2D67500B1052A /* KVO_KVCTests.swift */,
			);
			path = "KVO-KVCTests";
			sourceTree = "<group>";
		};
/* End PBXGroup section */

/* Begin PBXNativeTarget section */
		A0202D292A94CBE100195634 /* KVO-KVC */ = {
			isa = PBXNativeTarget;
			buildConfigurationList = A0202D3E2A94CBE300195634 /* Build configuration list for PBXNativeTarget "KVO-KVC" */;
			buildPhases = (
				A0202D262A94CBE100195634 /* Sources */,
				A0202D272A94CBE100195634 /* Frameworks */,
				A0202D282A94CBE100195634 /* Resources */,
			);
			buildRules = (
			);
			dependencies = (
			);
			name = "KVO-KVC";
			productName = "KVO-KVC";
			productReference = A0202D2A2A94CBE100195634 /* KVO-KVC.app */;
			productType = "com.apple.product-type.application";
		};
		A091680A2AB2D67500B1052A /* KVO-KVCTests */ = {
			isa = PBXNativeTarget;
			buildConfigurationList = A09168132AB2D67500B1052A /* Build configuration list for PBXNativeTarget "KVO-KVCTests" */;
			buildPhases = (
				A09168072AB2D67500B1052A /* Sources */,
				A09168082AB2D67500B1052A /* Frameworks */,
				A09168092AB2D67500B1052A /* Resources */,
			);
			buildRules = (
			);
			dependencies = (
				A09168102AB2D67500B1052A /* PBXTargetDependency */,
			);
			name = "KVO-KVCTests";
			productName = "KVO-KVCTests";
			productReference = A091680B2AB2D67500B1052A /* KVO-KVCTests.xctest */;
			productType = "com.apple.product-type.bundle.unit-test";
		};
/* End PBXNativeTarget section */

/* Begin PBXProject section */
		A0202D222A94CBE100195634 /* Project object */ = {
			isa = PBXProject;
			attributes = {
				BuildIndependentTargetsInParallel = 1;
				LastSwiftUpdateCheck = 1430;
				LastUpgradeCheck = 1430;
				TargetAttributes = {
					A0202D292A94CBE100195634 = {
						CreatedOnToolsVersion = 14.3.1;
					};
					A091680A2AB2D67500B1052A = {
						CreatedOnToolsVersion = 14.3.1;
						TestTargetID = A0202D292A94CBE100195634;
					};
				};
			};
			buildConfigurationList = A0202D252A94CBE100195634 /* Build configuration list for PBXProject "KVO-KVC" */;
			compatibilityVersion = "Xcode 14.0";
			developmentRegion = en;
			hasScannedForEncodings = 0;
			knownRegions = (
				en,
				Base,
			);
			mainGroup = A0202D212A94CBE100195634;
			productRefGroup = A0202D2B2A94CBE100195634 /* Products */;
			projectDirPath = "";
			projectRoot = "";
			targets = (
				A0202D292A94CBE100195634 /* KVO-KVC */,
				A091680A2AB2D67500B1052A /* KVO-KVCTests */,
			);
		};
/* End PBXProject section */

/* Begin PBXResourcesBuildPhase section */
		A0202D282A94CBE100195634 /* Resources */ = {
			isa = PBXResourcesBuildPhase;
			buildActionMask = 2147483647;
			files = (
				A0202D3A2A94CBE300195634 /* LaunchScreen.storyboard in Resources */,
				A0202D372A94CBE300195634 /* Assets.xcassets in Resources */,
				A0202D352A94CBE100195634 /* Main.storyboard in Resources */,
			);
			runOnlyForDeploymentPostprocessing = 0;
		};
		A09168092AB2D67500B1052A /* Resources */ = {
			isa = PBXResourcesBuildPhase;
			buildActionMask = 2147483647;
			files = (
			);
			runOnlyForDeploymentPostprocessing = 0;
		};
/* End PBXResourcesBuildPhase section */

/* Begin PBXSourcesBuildPhase section */
		A0202D262A94CBE100195634 /* Sources */ = {
			isa = PBXSourcesBuildPhase;
			buildActionMask = 2147483647;
			files = (
				A0202D322A94CBE100195634 /* ViewController.swift in Sources */,
				A0202D2E2A94CBE100195634 /* AppDelegate.swift in Sources */,
				A0202D422A94CC1F00195634 /* Classes.swift in Sources */,
				A0202D302A94CBE100195634 /* SceneDelegate.swift in Sources */,
			);
			runOnlyForDeploymentPostprocessing = 0;
		};
		A09168072AB2D67500B1052A /* Sources */ = {
			isa = PBXSourcesBuildPhase;
			buildActionMask = 2147483647;
			files = (
				A091680E2AB2D67500B1052A /* KVO_KVCTests.swift in Sources */,
			);
			runOnlyForDeploymentPostprocessing = 0;
		};
/* End PBXSourcesBuildPhase section */

/* Begin PBXTargetDependency section */
		A09168102AB2D67500B1052A /* PBXTargetDependency */ = {
			isa = PBXTargetDependency;
			target = A0202D292A94CBE100195634 /* KVO-KVC */;
			targetProxy = A091680F2AB2D67500B1052A /* PBXContainerItemProxy */;
		};
/* End PBXTargetDependency section */

/* Begin PBXVariantGroup section */
		A0202D332A94CBE100195634 /* Main.storyboard */ = {
			isa = PBXVariantGroup;
			children = (
				A0202D342A94CBE100195634 /* Base */,
			);
			name = Main.storyboard;
			sourceTree = "<group>";
		};
		A0202D382A94CBE300195634 /* LaunchScreen.storyboard */ = {
			isa = PBXVariantGroup;
			children = (
				A0202D392A94CBE300195634 /* Base */,
			);
			name = LaunchScreen.storyboard;
			sourceTree = "<group>";
		};
/* End PBXVariantGroup section */

/* Begin XCBuildConfiguration section */
		A0202D3C2A94CBE300195634 /* Debug */ = {
			isa = XCBuildConfiguration;
			buildSettings = {
				ALWAYS_SEARCH_USER_PATHS = NO;
				CLANG_ANALYZER_NONNULL = YES;
				CLANG_ANALYZER_NUMBER_OBJECT_CONVERSION = YES_AGGRESSIVE;
				CLANG_CXX_LANGUAGE_STANDARD = "gnu++20";
				CLANG_ENABLE_MODULES = YES;
				CLANG_ENABLE_OBJC_ARC = YES;
				CLANG_ENABLE_OBJC_WEAK = YES;
				CLANG_WARN_BLOCK_CAPTURE_AUTORELEASING = YES;
				CLANG_WARN_BOOL_CONVERSION = YES;
				CLANG_WARN_COMMA = YES;
				CLANG_WARN_CONSTANT_CONVERSION = YES;
				CLANG_WARN_DEPRECATED_OBJC_IMPLEMENTATIONS = YES;
				CLANG_WARN_DIRECT_OBJC_ISA_USAGE = YES_ERROR;
				CLANG_WARN_DOCUMENTATION_COMMENTS = YES;
				CLANG_WARN_EMPTY_BODY = YES;
				CLANG_WARN_ENUM_CONVERSION = YES;
				CLANG_WARN_INFINITE_RECURSION = YES;
				CLANG_WARN_INT_CONVERSION = YES;
				CLANG_WARN_NON_LITERAL_NULL_CONVERSION = YES;
				CLANG_WARN_OBJC_IMPLICIT_RETAIN_SELF = YES;
				CLANG_WARN_OBJC_LITERAL_CONVERSION = YES;
				CLANG_WARN_OBJC_ROOT_CLASS = YES_ERROR;
				CLANG_WARN_QUOTED_INCLUDE_IN_FRAMEWORK_HEADER = YES;
				CLANG_WARN_RANGE_LOOP_ANALYSIS = YES;
				CLANG_WARN_STRICT_PROTOTYPES = YES;
				CLANG_WARN_SUSPICIOUS_MOVE = YES;
				CLANG_WARN_UNGUARDED_AVAILABILITY = YES_AGGRESSIVE;
				CLANG_WARN_UNREACHABLE_CODE = YES;
				CLANG_WARN__DUPLICATE_METHOD_MATCH = YES;
				COPY_PHASE_STRIP = NO;
				DEBUG_INFORMATION_FORMAT = dwarf;
				ENABLE_STRICT_OBJC_MSGSEND = YES;
				ENABLE_TESTABILITY = YES;
				GCC_C_LANGUAGE_STANDARD = gnu11;
				GCC_DYNAMIC_NO_PIC = NO;
				GCC_NO_COMMON_BLOCKS = YES;
				GCC_OPTIMIZATION_LEVEL = 0;
				GCC_PREPROCESSOR_DEFINITIONS = (
					"DEBUG=1",
					"$(inherited)",
				);
				GCC_WARN_64_TO_32_BIT_CONVERSION = YES;
				GCC_WARN_ABOUT_RETURN_TYPE = YES_ERROR;
				GCC_WARN_UNDECLARED_SELECTOR = YES;
				GCC_WARN_UNINITIALIZED_AUTOS = YES_AGGRESSIVE;
				GCC_WARN_UNUSED_FUNCTION = YES;
				GCC_WARN_UNUSED_VARIABLE = YES;
				IPHONEOS_DEPLOYMENT_TARGET = 16.4;
				MTL_ENABLE_DEBUG_INFO = INCLUDE_SOURCE;
				MTL_FAST_MATH = YES;
				ONLY_ACTIVE_ARCH = YES;
				SDKROOT = iphoneos;
				SWIFT_ACTIVE_COMPILATION_CONDITIONS = DEBUG;
				SWIFT_OPTIMIZATION_LEVEL = "-Onone";
			};
			name = Debug;
		};
		A0202D3D2A94CBE300195634 /* Release */ = {
			isa = XCBuildConfiguration;
			buildSettings = {
				ALWAYS_SEARCH_USER_PATHS = NO;
				CLANG_ANALYZER_NONNULL = YES;
				CLANG_ANALYZER_NUMBER_OBJECT_CONVERSION = YES_AGGRESSIVE;
				CLANG_CXX_LANGUAGE_STANDARD = "gnu++20";
				CLANG_ENABLE_MODULES = YES;
				CLANG_ENABLE_OBJC_ARC = YES;
				CLANG_ENABLE_OBJC_WEAK = YES;
				CLANG_WARN_BLOCK_CAPTURE_AUTORELEASING = YES;
				CLANG_WARN_BOOL_CONVERSION = YES;
				CLANG_WARN_COMMA = YES;
				CLANG_WARN_CONSTANT_CONVERSION = YES;
				CLANG_WARN_DEPRECATED_OBJC_IMPLEMENTATIONS = YES;
				CLANG_WARN_DIRECT_OBJC_ISA_USAGE = YES_ERROR;
				CLANG_WARN_DOCUMENTATION_COMMENTS = YES;
				CLANG_WARN_EMPTY_BODY = YES;
				CLANG_WARN_ENUM_CONVERSION = YES;
				CLANG_WARN_INFINITE_RECURSION = YES;
				CLANG_WARN_INT_CONVERSION = YES;
				CLANG_WARN_NON_LITERAL_NULL_CONVERSION = YES;
				CLANG_WARN_OBJC_IMPLICIT_RETAIN_SELF = YES;
				CLANG_WARN_OBJC_LITERAL_CONVERSION = YES;
				CLANG_WARN_OBJC_ROOT_CLASS = YES_ERROR;
				CLANG_WARN_QUOTED_INCLUDE_IN_FRAMEWORK_HEADER = YES;
				CLANG_WARN_RANGE_LOOP_ANALYSIS = YES;
				CLANG_WARN_STRICT_PROTOTYPES = YES;
				CLANG_WARN_SUSPICIOUS_MOVE = YES;
				CLANG_WARN_UNGUARDED_AVAILABILITY = YES_AGGRESSIVE;
				CLANG_WARN_UNREACHABLE_CODE = YES;
				CLANG_WARN__DUPLICATE_METHOD_MATCH = YES;
				COPY_PHASE_STRIP = NO;
				DEBUG_INFORMATION_FORMAT = "dwarf-with-dsym";
				ENABLE_NS_ASSERTIONS = NO;
				ENABLE_STRICT_OBJC_MSGSEND = YES;
				GCC_C_LANGUAGE_STANDARD = gnu11;
				GCC_NO_COMMON_BLOCKS = YES;
				GCC_WARN_64_TO_32_BIT_CONVERSION = YES;
				GCC_WARN_ABOUT_RETURN_TYPE = YES_ERROR;
				GCC_WARN_UNDECLARED_SELECTOR = YES;
				GCC_WARN_UNINITIALIZED_AUTOS = YES_AGGRESSIVE;
				GCC_WARN_UNUSED_FUNCTION = YES;
				GCC_WARN_UNUSED_VARIABLE = YES;
				IPHONEOS_DEPLOYMENT_TARGET = 16.4;
				MTL_ENABLE_DEBUG_INFO = NO;
				MTL_FAST_MATH = YES;
				SDKROOT = iphoneos;
				SWIFT_COMPILATION_MODE = wholemodule;
				SWIFT_OPTIMIZATION_LEVEL = "-O";
				VALIDATE_PRODUCT = YES;
			};
			name = Release;
		};
		A0202D3F2A94CBE300195634 /* Debug */ = {
			isa = XCBuildConfiguration;
			buildSettings = {
				ASSETCATALOG_COMPILER_APPICON_NAME = AppIcon;
				ASSETCATALOG_COMPILER_GLOBAL_ACCENT_COLOR_NAME = AccentColor;
				CODE_SIGN_STYLE = Automatic;
				CURRENT_PROJECT_VERSION = 1;
				DEVELOPMENT_TEAM = J2TT6HQZJW;
				GENERATE_INFOPLIST_FILE = YES;
				INFOPLIST_FILE = "KVO-KVC/Info.plist";
				INFOPLIST_KEY_UIApplicationSupportsIndirectInputEvents = YES;
				INFOPLIST_KEY_UILaunchStoryboardName = LaunchScreen;
				INFOPLIST_KEY_UIMainStoryboardFile = Main;
				INFOPLIST_KEY_UISupportedInterfaceOrientations = UIInterfaceOrientationPortrait;
				INFOPLIST_KEY_UISupportedInterfaceOrientations_iPad = "UIInterfaceOrientationLandscapeLeft UIInterfaceOrientationLandscapeRight UIInterfaceOrientationPortrait UIInterfaceOrientationPortraitUpsideDown";
				LD_RUNPATH_SEARCH_PATHS = (
					"$(inherited)",
					"@executable_path/Frameworks",
				);
				MARKETING_VERSION = 1.0;
				PRODUCT_BUNDLE_IDENTIFIER = "com.KVO-KVC";
				PRODUCT_NAME = "$(TARGET_NAME)";
				SUPPORTED_PLATFORMS = "iphoneos iphonesimulator";
				SUPPORTS_MACCATALYST = NO;
				SUPPORTS_MAC_DESIGNED_FOR_IPHONE_IPAD = NO;
				SWIFT_EMIT_LOC_STRINGS = YES;
				SWIFT_VERSION = 5.0;
				TARGETED_DEVICE_FAMILY = 1;
			};
			name = Debug;
		};
		A0202D402A94CBE300195634 /* Release */ = {
			isa = XCBuildConfiguration;
			buildSettings = {
				ASSETCATALOG_COMPILER_APPICON_NAME = AppIcon;
				ASSETCATALOG_COMPILER_GLOBAL_ACCENT_COLOR_NAME = AccentColor;
				CODE_SIGN_STYLE = Automatic;
				CURRENT_PROJECT_VERSION = 1;
				DEVELOPMENT_TEAM = J2TT6HQZJW;
				GENERATE_INFOPLIST_FILE = YES;
				INFOPLIST_FILE = "KVO-KVC/Info.plist";
				INFOPLIST_KEY_UIApplicationSupportsIndirectInputEvents = YES;
				INFOPLIST_KEY_UILaunchStoryboardName = LaunchScreen;
				INFOPLIST_KEY_UIMainStoryboardFile = Main;
				INFOPLIST_KEY_UISupportedInterfaceOrientations = UIInterfaceOrientationPortrait;
				INFOPLIST_KEY_UISupportedInterfaceOrientations_iPad = "UIInterfaceOrientationLandscapeLeft UIInterfaceOrientationLandscapeRight UIInterfaceOrientationPortrait UIInterfaceOrientationPortraitUpsideDown";
				LD_RUNPATH_SEARCH_PATHS = (
					"$(inherited)",
					"@executable_path/Frameworks",
				);
				MARKETING_VERSION = 1.0;
				PRODUCT_BUNDLE_IDENTIFIER = "com.KVO-KVC";
				PRODUCT_NAME = "$(TARGET_NAME)";
				SUPPORTED_PLATFORMS = "iphoneos iphonesimulator";
				SUPPORTS_MACCATALYST = NO;
				SUPPORTS_MAC_DESIGNED_FOR_IPHONE_IPAD = NO;
				SWIFT_EMIT_LOC_STRINGS = YES;
				SWIFT_VERSION = 5.0;
				TARGETED_DEVICE_FAMILY = 1;
			};
			name = Release;
		};
		A09168112AB2D67500B1052A /* Debug */ = {
			isa = XCBuildConfiguration;
			buildSettings = {
				BUNDLE_LOADER = "$(TEST_HOST)";
				CODE_SIGN_STYLE = Automatic;
				CURRENT_PROJECT_VERSION = 1;
				DEVELOPMENT_TEAM = J2TT6HQZJW;
				GENERATE_INFOPLIST_FILE = YES;
				MARKETING_VERSION = 1.0;
				PRODUCT_BUNDLE_IDENTIFIER = "com.KVO-KVCTests";
				PRODUCT_NAME = "$(TARGET_NAME)";
				SWIFT_EMIT_LOC_STRINGS = NO;
				SWIFT_VERSION = 5.0;
				TARGETED_DEVICE_FAMILY = "1,2";
				TEST_HOST = "$(BUILT_PRODUCTS_DIR)/KVO-KVC.app/$(BUNDLE_EXECUTABLE_FOLDER_PATH)/KVO-KVC";
			};
			name = Debug;
		};
		A09168122AB2D67500B1052A /* Release */ = {
			isa = XCBuildConfiguration;
			buildSettings = {
				BUNDLE_LOADER = "$(TEST_HOST)";
				CODE_SIGN_STYLE = Automatic;
				CURRENT_PROJECT_VERSION = 1;
				DEVELOPMENT_TEAM = J2TT6HQZJW;
				GENERATE_INFOPLIST_FILE = YES;
				MARKETING_VERSION = 1.0;
				PRODUCT_BUNDLE_IDENTIFIER = "com.KVO-KVCTests";
				PRODUCT_NAME = "$(TARGET_NAME)";
				SWIFT_EMIT_LOC_STRINGS = NO;
				SWIFT_VERSION = 5.0;
				TARGETED_DEVICE_FAMILY = "1,2";
				TEST_HOST = "$(BUILT_PRODUCTS_DIR)/KVO-KVC.app/$(BUNDLE_EXECUTABLE_FOLDER_PATH)/KVO-KVC";
			};
			name = Release;
		};
/* End XCBuildConfiguration section */

/* Begin XCConfigurationList section */
		A0202D252A94CBE100195634 /* Build configuration list for PBXProject "KVO-KVC" */ = {
			isa = XCConfigurationList;
			buildConfigurations = (
				A0202D3C2A94CBE300195634 /* Debug */,
				A0202D3D2A94CBE300195634 /* Release */,
			);
			defaultConfigurationIsVisible = 0;
			defaultConfigurationName = Release;
		};
		A0202D3E2A94CBE300195634 /* Build configuration list for PBXNativeTarget "KVO-KVC" */ = {
			isa = XCConfigurationList;
			buildConfigurations = (
				A0202D3F2A94CBE300195634 /* Debug */,
				A0202D402A94CBE300195634 /* Release */,
			);
			defaultConfigurationIsVisible = 0;
			defaultConfigurationName = Release;
		};
		A09168132AB2D67500B1052A /* Build configuration list for PBXNativeTarget "KVO-KVCTests" */ = {
			isa = XCConfigurationList;
			buildConfigurations = (
				A09168112AB2D67500B1052A /* Debug */,
				A09168122AB2D67500B1052A /* Release */,
			);
			defaultConfigurationIsVisible = 0;
			defaultConfigurationName = Release;
		};
/* End XCConfigurationList section */
	};
	rootObject = A0202D222A94CBE100195634 /* Project object */;
}
